<?xml version="1.0" encoding="utf-8"?>
<Project ToolsVersion="4.0" xmlns="http://schemas.microsoft.com/developer/msbuild/2003">
  <ItemGroup>
    <Filter Include="FrameWork">
      <UniqueIdentifier>{7b65bbed-6e83-4cc8-9c4f-961050cae57b}</UniqueIdentifier>
    </Filter>
    <Filter Include="FrameWork\Node">
      <UniqueIdentifier>{43ab373c-a976-457f-bcee-bbfc43eb3693}</UniqueIdentifier>
    </Filter>
    <Filter Include="Game">
      <UniqueIdentifier>{bff92479-aded-4bbb-a31f-bec299500907}</UniqueIdentifier>
    </Filter>
    <Filter Include="Main">
      <UniqueIdentifier>{f17fe9b6-b58a-4c2f-be29-96586991514b}</UniqueIdentifier>
    </Filter>
    <Filter Include="Game\Mgrs">
      <UniqueIdentifier>{681cfe65-040d-4645-9abe-f2d0fa37c46b}</UniqueIdentifier>
    </Filter>
    <Filter Include="Game\Object">
      <UniqueIdentifier>{f60928ff-4038-4b6c-9b3f-de8e54cce740}</UniqueIdentifier>
    </Filter>
    <Filter Include="FrameWork\Core">
      <UniqueIdentifier>{94381774-e408-4df3-a1f3-2ae46f6c1ee3}</UniqueIdentifier>
    </Filter>
    <Filter Include="Game\Object\Sans">
      <UniqueIdentifier>{7847ace4-2ca7-4110-9c21-f4261bfffc70}</UniqueIdentifier>
    </Filter>
    <Filter Include="Game\Object\Player">
      <UniqueIdentifier>{41f2fe5b-8f3d-4a1d-bf8a-b8aa74423199}</UniqueIdentifier>
    </Filter>
    <Filter Include="Game\Object\Interaction">
      <UniqueIdentifier>{f5ec3b74-7972-47d7-a329-111cbc6a43d6}</UniqueIdentifier>
    </Filter>
    <Filter Include="Game\Object\Scene">
      <UniqueIdentifier>{6a0b488c-024d-464b-b7e5-e43bc432ea1d}</UniqueIdentifier>
    </Filter>
  </ItemGroup>
  <ItemGroup>
    <ClCompile Include="App.cpp">
      <Filter>FrameWork\Core</Filter>
    </ClCompile>
    <ClCompile Include="Input.cpp">
      <Filter>FrameWork\Core</Filter>
    </ClCompile>
    <ClCompile Include="Renderer.cpp">
      <Filter>FrameWork\Core</Filter>
    </ClCompile>
    <ClCompile Include="ResourceMgr.cpp">
      <Filter>FrameWork\Core</Filter>
    </ClCompile>
    <ClCompile Include="SceneDirector.cpp">
      <Filter>FrameWork\Core</Filter>
    </ClCompile>
    <ClCompile Include="Animation.cpp">
      <Filter>FrameWork\Node</Filter>
    </ClCompile>
    <ClCompile Include="Camera.cpp">
      <Filter>FrameWork\Node</Filter>
    </ClCompile>
    <ClCompile Include="Object.cpp">
      <Filter>FrameWork\Node</Filter>
    </ClCompile>
    <ClCompile Include="Scene.cpp">
      <Filter>FrameWork\Node</Filter>
    </ClCompile>
    <ClCompile Include="Sprite.cpp">
      <Filter>FrameWork\Node</Filter>
    </ClCompile>
    <ClCompile Include="Texture.cpp">
      <Filter>FrameWork\Node</Filter>
    </ClCompile>
    <ClCompile Include="CollisionMgr.cpp">
      <Filter>Game\Mgrs</Filter>
    </ClCompile>
    <ClCompile Include="EffectMgr.cpp">
      <Filter>Game\Mgrs</Filter>
    </ClCompile>
    <ClCompile Include="ObjectMgr.cpp">
      <Filter>Game\Mgrs</Filter>
    </ClCompile>
    <ClCompile Include="SoundMgr.cpp">
      <Filter>Game\Mgrs</Filter>
    </ClCompile>
    <ClCompile Include="TextMgr.cpp">
      <Filter>Game\Mgrs</Filter>
    </ClCompile>
    <ClCompile Include="MainScene.cpp">
      <Filter>Game\Object\Scene</Filter>
    </ClCompile>
    <ClCompile Include="Game.cpp">
      <Filter>Game\Mgrs</Filter>
    </ClCompile>
    <ClCompile Include="Player.cpp">
      <Filter>Game\Object\Player</Filter>
    </ClCompile>
    <ClCompile Include="UI.cpp">
      <Filter>Game\Mgrs</Filter>
    </ClCompile>
    <ClCompile Include="LineMgr.cpp">
      <Filter>Game\Mgrs</Filter>
    </ClCompile>
    <ClCompile Include="sans.cpp">
      <Filter>Game\Object\Sans</Filter>
    </ClCompile>
    <ClCompile Include="BattleScene.cpp">
      <Filter>Game\Object\Scene</Filter>
    </ClCompile>
    <ClCompile Include="Chest.cpp">
      <Filter>Game\Object\Interaction</Filter>
    </ClCompile>
    <ClCompile Include="Save.cpp">
      <Filter>Game\Object\Interaction</Filter>
    </ClCompile>
    <ClCompile Include="Space.cpp">
      <Filter>Main</Filter>
    </ClCompile>
    <ClCompile Include="Solids.cpp">
      <Filter>Game\Object\Interaction</Filter>
    </ClCompile>
    <ClCompile Include="Dialog.cpp">
      <Filter>Game\Object\Interaction</Filter>
    </ClCompile>
    <ClCompile Include="Text_Bubbles.cpp">
      <Filter>Game\Object\Interaction</Filter>
    </ClCompile>
    <ClCompile Include="Heart.cpp">
      <Filter>Game\Object\Player</Filter>
    </ClCompile>
    <ClCompile Include="Pillar.cpp">
      <Filter>Game\Object\Interaction</Filter>
    </ClCompile>
    <ClCompile Include="stdafx.cpp">
      <Filter>Main</Filter>
    </ClCompile>
  </ItemGroup>
  <ItemGroup>
    <ClInclude Include="App.h">
      <Filter>FrameWork\Core</Filter>
    </ClInclude>
    <ClInclude Include="Singleton.h">
      <Filter>FrameWork\Core</Filter>
    </ClInclude>
    <ClInclude Include="Input.h">
      <Filter>FrameWork\Core</Filter>
    </ClInclude>
    <ClInclude Include="Renderer.h">
      <Filter>FrameWork\Core</Filter>
    </ClInclude>
    <ClInclude Include="ResourceMgr.h">
      <Filter>FrameWork\Core</Filter>
    </ClInclude>
    <ClInclude Include="SceneDirector.h">
      <Filter>FrameWork\Core</Filter>
    </ClInclude>
    <ClInclude Include="Animation.h">
      <Filter>FrameWork\Node</Filter>
    </ClInclude>
    <ClInclude Include="Camera.h">
      <Filter>FrameWork\Node</Filter>
    </ClInclude>
    <ClInclude Include="Object.h">
      <Filter>FrameWork\Node</Filter>
    </ClInclude>
    <ClInclude Include="Scene.h">
      <Filter>FrameWork\Node</Filter>
    </ClInclude>
    <ClInclude Include="Sprite.h">
      <Filter>FrameWork\Node</Filter>
    </ClInclude>
    <ClInclude Include="Texture.h">
      <Filter>FrameWork\Node</Filter>
    </ClInclude>
    <ClInclude Include="CollisionMgr.h">
      <Filter>Game\Mgrs</Filter>
    </ClInclude>
    <ClInclude Include="EffectMgr.h">
      <Filter>Game\Mgrs</Filter>
    </ClInclude>
    <ClInclude Include="ObjectMgr.h">
      <Filter>Game\Mgrs</Filter>
    </ClInclude>
    <ClInclude Include="SoundMgr.h">
      <Filter>Game\Mgrs</Filter>
    </ClInclude>
    <ClInclude Include="TextMgr.h">
      <Filter>Game\Mgrs</Filter>
    </ClInclude>
    <ClInclude Include="MainScene.h">
      <Filter>Game\Object\Scene</Filter>
    </ClInclude>
    <ClInclude Include="Game.h">
      <Filter>Game\Mgrs</Filter>
    </ClInclude>
    <ClInclude Include="Player.h">
      <Filter>Game\Object\Player</Filter>
    </ClInclude>
    <ClInclude Include="UI.h">
      <Filter>Game\Mgrs</Filter>
    </ClInclude>
    <ClInclude Include="LineMgr.h">
      <Filter>Game\Mgrs</Filter>
    </ClInclude>
    <ClInclude Include="sans.h">
      <Filter>Game\Object\Sans</Filter>
    </ClInclude>
    <ClInclude Include="BattleScene.h">
      <Filter>Game\Object\Scene</Filter>
    </ClInclude>
    <ClInclude Include="Chest.h">
      <Filter>Game\Object\Interaction</Filter>
    </ClInclude>
    <ClInclude Include="Save.h">
      <Filter>Game\Object\Interaction</Filter>
    </ClInclude>
    <ClInclude Include="Solids.h">
      <Filter>Game\Object\Interaction</Filter>
    </ClInclude>
    <ClInclude Include="Dialog.h">
      <Filter>Game\Object\Interaction</Filter>
    </ClInclude>
    <ClInclude Include="Text_Bubbles.h">
      <Filter>Game\Object\Interaction</Filter>
    </ClInclude>
    <ClInclude Include="Heart.h">
      <Filter>Game\Object\Player</Filter>
    </ClInclude>
    <ClInclude Include="Pillar.h">
      <Filter>Game\Object\Interaction</Filter>
    </ClInclude>
    <ClInclude Include="stdafx.h">
      <Filter>Main</Filter>
    </ClInclude>
  </ItemGroup>
</Project>